
Microsoft Visual Studio Solution File, Format Version 12.00
# Visual Studio 15
VisualStudioVersion = 15.0.28307.136
MinimumVisualStudioVersion = 10.0.40219.1
Project("{FAE04EC0-301F-11D3-BF4B-00C04F79EFBC}") = "serko.expense.webapi", "serko.expense.webapi\serko.expense.webapi.csproj", "{6D0955DC-871F-46B1-815D-2CE2646017A7}"
EndProject
Project("{FAE04EC0-301F-11D3-BF4B-00C04F79EFBC}") = "serko.expense.models", "serko.expense.models\serko.expense.models.csproj", "{24945176-ECC4-4890-8B7C-EA3B4C451D09}"
EndProject
Project("{FAE04EC0-301F-11D3-BF4B-00C04F79EFBC}") = "serko.expense.biz", "serko.expense.biz\serko.expense.biz.csproj", "{B112C307-DFD6-4192-9F9D-628A226F952E}"
EndProject
Global
	GlobalSection(SolutionConfigurationPlatforms) = preSolution
		Debug|Any CPU = Debug|Any CPU
		Release|Any CPU = Release|Any CPU
	EndGlobalSection
	GlobalSection(ProjectConfigurationPlatforms) = postSolution
		{6D0955DC-871F-46B1-815D-2CE2646017A7}.Debug|Any CPU.ActiveCfg = Debug|Any CPU
		{6D0955DC-871F-46B1-815D-2CE2646017A7}.Debug|Any CPU.Build.0 = Debug|Any CPU
		{6D0955DC-871F-46B1-815D-2CE2646017A7}.Release|Any CPU.ActiveCfg = Release|Any CPU
		{6D0955DC-871F-46B1-815D-2CE2646017A7}.Release|Any CPU.Build.0 = Release|Any CPU
		{24945176-ECC4-4890-8B7C-EA3B4C451D09}.Debug|Any CPU.ActiveCfg = Debug|Any CPU
		{24945176-ECC4-4890-8B7C-EA3B4C451D09}.Debug|Any CPU.Build.0 = Debug|Any CPU
		{24945176-ECC4-4890-8B7C-EA3B4C451D09}.Release|Any CPU.ActiveCfg = Release|Any CPU
		{24945176-ECC4-4890-8B7C-EA3B4C451D09}.Release|Any CPU.Build.0 = Release|Any CPU
		{B112C307-DFD6-4192-9F9D-628A226F952E}.Debug|Any CPU.ActiveCfg = Debug|Any CPU
		{B112C307-DFD6-4192-9F9D-628A226F952E}.Debug|Any CPU.Build.0 = Debug|Any CPU
		{B112C307-DFD6-4192-9F9D-628A226F952E}.Release|Any CPU.ActiveCfg = Release|Any CPU
		{B112C307-DFD6-4192-9F9D-628A226F952E}.Release|Any CPU.Build.0 = Release|Any CPU
	EndGlobalSection
	GlobalSection(SolutionProperties) = preSolution
		HideSolutionNode = FALSE
	EndGlobalSection
	GlobalSection(ExtensibilityGlobals) = postSolution
		SolutionGuid = {8BCEF228-CBBA-4E22-B74B-3409E323579E}
	EndGlobalSection
EndGlobal
