
Microsoft Visual Studio Solution File, Format Version 12.00
# Visual Studio 15
VisualStudioVersion = 15.0.28307.136
MinimumVisualStudioVersion = 10.0.40219.1
Project("{9A19103F-16F7-4668-BE54-9A1E7A4F7556}") = "serko.expense.webapi", "serko.expense.webapi\serko.expense.webapi.csproj", "{6D0955DC-871F-46B1-815D-2CE2646017A7}"
EndProject
Project("{9A19103F-16F7-4668-BE54-9A1E7A4F7556}") = "serko.expense.models", "serko.expense.models\serko.expense.models.csproj", "{24945176-ECC4-4890-8B7C-EA3B4C451D09}"
EndProject
Project("{9A19103F-16F7-4668-BE54-9A1E7A4F7556}") = "serko.expense.biz", "serko.expense.biz\serko.expense.biz.csproj", "{B112C307-DFD6-4192-9F9D-628A226F952E}"
EndProject
Project("{2150E333-8FDC-42A3-9474-1A3956D46DE8}") = "tests", "tests", "{6949C431-9067-4EDE-8733-54128CD7A7C5}"
EndProject
Project("{9A19103F-16F7-4668-BE54-9A1E7A4F7556}") = "serko.expense.biz.unittest", "tests\serko.expense.biz.unittest\serko.expense.biz.unittest.csproj", "{537D4867-B116-4F97-8113-6B34CF2F76FA}"
EndProject
Project("{9A19103F-16F7-4668-BE54-9A1E7A4F7556}") = "serko.expense.webapi.integration.test", "tests\serko.expense.webapi.integration.test\serko.expense.webapi.integration.test.csproj", "{CA9EF074-219B-42A1-A942-33457618C5AC}"
EndProject
Project("{2150E333-8FDC-42A3-9474-1A3956D46DE8}") = "Solution Items", "Solution Items", "{68EDB7BA-4722-4020-86DC-CB3A587998F9}"
	ProjectSection(SolutionItems) = preProject
		README.md = README.md
	EndProjectSection
EndProject
Global
	GlobalSection(SolutionConfigurationPlatforms) = preSolution
		Debug|Any CPU = Debug|Any CPU
		Release|Any CPU = Release|Any CPU
	EndGlobalSection
	GlobalSection(ProjectConfigurationPlatforms) = postSolution
		{6D0955DC-871F-46B1-815D-2CE2646017A7}.Debug|Any CPU.ActiveCfg = Debug|Any CPU
		{6D0955DC-871F-46B1-815D-2CE2646017A7}.Debug|Any CPU.Build.0 = Debug|Any CPU
		{6D0955DC-871F-46B1-815D-2CE2646017A7}.Release|Any CPU.ActiveCfg = Release|Any CPU
		{6D0955DC-871F-46B1-815D-2CE2646017A7}.Release|Any CPU.Build.0 = Release|Any CPU
		{24945176-ECC4-4890-8B7C-EA3B4C451D09}.Debug|Any CPU.ActiveCfg = Debug|Any CPU
		{24945176-ECC4-4890-8B7C-EA3B4C451D09}.Debug|Any CPU.Build.0 = Debug|Any CPU
		{24945176-ECC4-4890-8B7C-EA3B4C451D09}.Release|Any CPU.ActiveCfg = Release|Any CPU
		{24945176-ECC4-4890-8B7C-EA3B4C451D09}.Release|Any CPU.Build.0 = Release|Any CPU
		{B112C307-DFD6-4192-9F9D-628A226F952E}.Debug|Any CPU.ActiveCfg = Debug|Any CPU
		{B112C307-DFD6-4192-9F9D-628A226F952E}.Debug|Any CPU.Build.0 = Debug|Any CPU
		{B112C307-DFD6-4192-9F9D-628A226F952E}.Release|Any CPU.ActiveCfg = Release|Any CPU
		{B112C307-DFD6-4192-9F9D-628A226F952E}.Release|Any CPU.Build.0 = Release|Any CPU
		{537D4867-B116-4F97-8113-6B34CF2F76FA}.Debug|Any CPU.ActiveCfg = Debug|Any CPU
		{537D4867-B116-4F97-8113-6B34CF2F76FA}.Debug|Any CPU.Build.0 = Debug|Any CPU
		{537D4867-B116-4F97-8113-6B34CF2F76FA}.Release|Any CPU.ActiveCfg = Release|Any CPU
		{537D4867-B116-4F97-8113-6B34CF2F76FA}.Release|Any CPU.Build.0 = Release|Any CPU
		{CA9EF074-219B-42A1-A942-33457618C5AC}.Debug|Any CPU.ActiveCfg = Debug|Any CPU
		{CA9EF074-219B-42A1-A942-33457618C5AC}.Debug|Any CPU.Build.0 = Debug|Any CPU
		{CA9EF074-219B-42A1-A942-33457618C5AC}.Release|Any CPU.ActiveCfg = Release|Any CPU
		{CA9EF074-219B-42A1-A942-33457618C5AC}.Release|Any CPU.Build.0 = Release|Any CPU
	EndGlobalSection
	GlobalSection(SolutionProperties) = preSolution
		HideSolutionNode = FALSE
	EndGlobalSection
	GlobalSection(NestedProjects) = preSolution
		{537D4867-B116-4F97-8113-6B34CF2F76FA} = {6949C431-9067-4EDE-8733-54128CD7A7C5}
		{CA9EF074-219B-42A1-A942-33457618C5AC} = {6949C431-9067-4EDE-8733-54128CD7A7C5}
	EndGlobalSection
	GlobalSection(ExtensibilityGlobals) = postSolution
		SolutionGuid = {8BCEF228-CBBA-4E22-B74B-3409E323579E}
	EndGlobalSection
EndGlobal
